// !$*UTF8*$!
{
	archiveVersion = 1;
	classes = {
	};
	objectVersion = 46;
	objects = {

/* Begin PBXBuildFile section */
		8D21ED181F428DBC0088F3C3 /* IHHomeController.swift in Sources */ = {isa = PBXBuildFile; fileRef = 8D21ED171F428DBC0088F3C3 /* IHHomeController.swift */; };
		8D21ED1B1F428DDF0088F3C3 /* IHQRCodeController.swift in Sources */ = {isa = PBXBuildFile; fileRef = 8D21ED1A1F428DDF0088F3C3 /* IHQRCodeController.swift */; };
		8D21ED1D1F428DF60088F3C3 /* IHOrderController.swift in Sources */ = {isa = PBXBuildFile; fileRef = 8D21ED1C1F428DF60088F3C3 /* IHOrderController.swift */; };
		8D21ED211F428E920088F3C3 /* BasicNavigationController.swift in Sources */ = {isa = PBXBuildFile; fileRef = 8D21ED201F428E920088F3C3 /* BasicNavigationController.swift */; };
		8D21ED251F428F190088F3C3 /* BasicTabBarController.swift in Sources */ = {isa = PBXBuildFile; fileRef = 8D21ED241F428F190088F3C3 /* BasicTabBarController.swift */; };
		8D2DB0C11F4174AB007B7939 /* AppDelegate.swift in Sources */ = {isa = PBXBuildFile; fileRef = 8D2DB0C01F4174AB007B7939 /* AppDelegate.swift */; };
		8D2DB0C31F4174AB007B7939 /* ViewController.swift in Sources */ = {isa = PBXBuildFile; fileRef = 8D2DB0C21F4174AB007B7939 /* ViewController.swift */; };
		8D2DB0C61F4174AB007B7939 /* Main.storyboard in Resources */ = {isa = PBXBuildFile; fileRef = 8D2DB0C41F4174AB007B7939 /* Main.storyboard */; };
		8D2DB0C81F4174AB007B7939 /* Assets.xcassets in Resources */ = {isa = PBXBuildFile; fileRef = 8D2DB0C71F4174AB007B7939 /* Assets.xcassets */; };
		8D2DB0CB1F4174AB007B7939 /* LaunchScreen.storyboard in Resources */ = {isa = PBXBuildFile; fileRef = 8D2DB0C91F4174AB007B7939 /* LaunchScreen.storyboard */; };
		8D2DB0D61F4174AB007B7939 /* InstalmenHelpSwiftTests.swift in Sources */ = {isa = PBXBuildFile; fileRef = 8D2DB0D51F4174AB007B7939 /* InstalmenHelpSwiftTests.swift */; };
		8D2DB0E11F4174AB007B7939 /* InstalmenHelpSwiftUITests.swift in Sources */ = {isa = PBXBuildFile; fileRef = 8D2DB0E01F4174AB007B7939 /* InstalmenHelpSwiftUITests.swift */; };
		8D2DB0EF1F4178EA007B7939 /* BasicController.swift in Sources */ = {isa = PBXBuildFile; fileRef = 8D2DB0EE1F4178EA007B7939 /* BasicController.swift */; };
		8D6E26301F444B6500FA6111 /* normal_industry@2x.png in Resources */ = {isa = PBXBuildFile; fileRef = 8D6E26221F444B6500FA6111 /* normal_industry@2x.png */; };
		8D6E26311F444B6500FA6111 /* normal_industry@3x.png in Resources */ = {isa = PBXBuildFile; fileRef = 8D6E26231F444B6500FA6111 /* normal_industry@3x.png */; };
		8D6E26321F444B6500FA6111 /* normal_loan@2x.png in Resources */ = {isa = PBXBuildFile; fileRef = 8D6E26241F444B6500FA6111 /* normal_loan@2x.png */; };
		8D6E26331F444B6500FA6111 /* normal_loan@3x.png in Resources */ = {isa = PBXBuildFile; fileRef = 8D6E26251F444B6500FA6111 /* normal_loan@3x.png */; };
		8D6E26341F444B6500FA6111 /* normal_order@2x.png in Resources */ = {isa = PBXBuildFile; fileRef = 8D6E26261F444B6500FA6111 /* normal_order@2x.png */; };
		8D6E26351F444B6500FA6111 /* normal_order@3x.png in Resources */ = {isa = PBXBuildFile; fileRef = 8D6E26271F444B6500FA6111 /* normal_order@3x.png */; };
		8D6E26361F444B6500FA6111 /* QRCode@2x.png in Resources */ = {isa = PBXBuildFile; fileRef = 8D6E26281F444B6500FA6111 /* QRCode@2x.png */; };
		8D6E26371F444B6500FA6111 /* QRCode@3x.png in Resources */ = {isa = PBXBuildFile; fileRef = 8D6E26291F444B6500FA6111 /* QRCode@3x.png */; };
		8D6E26381F444B6500FA6111 /* QRCodeIcon@2x.png in Resources */ = {isa = PBXBuildFile; fileRef = 8D6E262A1F444B6500FA6111 /* QRCodeIcon@2x.png */; };
		8D6E26391F444B6500FA6111 /* QRCodeIcon@3x.png in Resources */ = {isa = PBXBuildFile; fileRef = 8D6E262B1F444B6500FA6111 /* QRCodeIcon@3x.png */; };
		8D6E263A1F444B6500FA6111 /* select_loan@2x.png in Resources */ = {isa = PBXBuildFile; fileRef = 8D6E262C1F444B6500FA6111 /* select_loan@2x.png */; };
		8D6E263B1F444B6500FA6111 /* select_loan@3x.png in Resources */ = {isa = PBXBuildFile; fileRef = 8D6E262D1F444B6500FA6111 /* select_loan@3x.png */; };
		8D6E263C1F444B6500FA6111 /* select_order@2x.png in Resources */ = {isa = PBXBuildFile; fileRef = 8D6E262E1F444B6500FA6111 /* select_order@2x.png */; };
		8D6E263D1F444B6500FA6111 /* select_order@3x.png in Resources */ = {isa = PBXBuildFile; fileRef = 8D6E262F1F444B6500FA6111 /* select_order@3x.png */; };
		8D6E26411F444B8100FA6111 /* home_news@2x.png in Resources */ = {isa = PBXBuildFile; fileRef = 8D6E263F1F444B8100FA6111 /* home_news@2x.png */; };
		8D6E26421F444B8100FA6111 /* home_news@3x.png in Resources */ = {isa = PBXBuildFile; fileRef = 8D6E26401F444B8100FA6111 /* home_news@3x.png */; };
		8D6E26451F444BC800FA6111 /* home_billing@2x.png in Resources */ = {isa = PBXBuildFile; fileRef = 8D6E26431F444BC800FA6111 /* home_billing@2x.png */; };
		8D6E26461F444BC800FA6111 /* home_billing@3x.png in Resources */ = {isa = PBXBuildFile; fileRef = 8D6E26441F444BC800FA6111 /* home_billing@3x.png */; };
		8D6E26491F444BF500FA6111 /* home_storeSetting@2x.png in Resources */ = {isa = PBXBuildFile; fileRef = 8D6E26471F444BF500FA6111 /* home_storeSetting@2x.png */; };
		8D6E264A1F444BF500FA6111 /* home_storeSetting@3x.png in Resources */ = {isa = PBXBuildFile; fileRef = 8D6E26481F444BF500FA6111 /* home_storeSetting@3x.png */; };
		8D6E264D1F444C2600FA6111 /* home_cashPacket@2x.png in Resources */ = {isa = PBXBuildFile; fileRef = 8D6E264B1F444C2600FA6111 /* home_cashPacket@2x.png */; };
		8D6E264E1F444C2600FA6111 /* home_cashPacket@3x.png in Resources */ = {isa = PBXBuildFile; fileRef = 8D6E264C1F444C2600FA6111 /* home_cashPacket@3x.png */; };
		8D6E26511F444C5500FA6111 /* home_staffManagement@2x.png in Resources */ = {isa = PBXBuildFile; fileRef = 8D6E264F1F444C5500FA6111 /* home_staffManagement@2x.png */; };
		8D6E26521F444C5500FA6111 /* home_staffManagement@3x.png in Resources */ = {isa = PBXBuildFile; fileRef = 8D6E26501F444C5500FA6111 /* home_staffManagement@3x.png */; };
		8D6E26551F444C9100FA6111 /* home_invition@2x.png in Resources */ = {isa = PBXBuildFile; fileRef = 8D6E26531F444C9100FA6111 /* home_invition@2x.png */; };
		8D6E26561F444C9100FA6111 /* home_invition@3x.png in Resources */ = {isa = PBXBuildFile; fileRef = 8D6E26541F444C9100FA6111 /* home_invition@3x.png */; };
		8D6E26591F444CB600FA6111 /* home_ statistics@2x.png in Resources */ = {isa = PBXBuildFile; fileRef = 8D6E26571F444CB600FA6111 /* home_ statistics@2x.png */; };
		8D6E265A1F444CB600FA6111 /* home_ statistics@3x.png in Resources */ = {isa = PBXBuildFile; fileRef = 8D6E26581F444CB600FA6111 /* home_ statistics@3x.png */; };
		8D6E26641F444D2600FA6111 /* LR_enterpriseUser@2x.png in Resources */ = {isa = PBXBuildFile; fileRef = 8D6E265C1F444D2600FA6111 /* LR_enterpriseUser@2x.png */; };
		8D6E26651F444D2600FA6111 /* LR_enterpriseUser@3x.png in Resources */ = {isa = PBXBuildFile; fileRef = 8D6E265D1F444D2600FA6111 /* LR_enterpriseUser@3x.png */; };
		8D6E26661F444D2600FA6111 /* LR_enterpriseUserCircle@2x.png in Resources */ = {isa = PBXBuildFile; fileRef = 8D6E265E1F444D2600FA6111 /* LR_enterpriseUserCircle@2x.png */; };
		8D6E26671F444D2600FA6111 /* LR_enterpriseUserCircle@3x.png in Resources */ = {isa = PBXBuildFile; fileRef = 8D6E265F1F444D2600FA6111 /* LR_enterpriseUserCircle@3x.png */; };
		8D6E26681F444D2600FA6111 /* LR_personalUser@2x.png in Resources */ = {isa = PBXBuildFile; fileRef = 8D6E26601F444D2600FA6111 /* LR_personalUser@2x.png */; };
		8D6E26691F444D2600FA6111 /* LR_personalUser@3x.png in Resources */ = {isa = PBXBuildFile; fileRef = 8D6E26611F444D2600FA6111 /* LR_personalUser@3x.png */; };
		8D6E266A1F444D2600FA6111 /* LR_personalUserCircle@2x.png in Resources */ = {isa = PBXBuildFile; fileRef = 8D6E26621F444D2600FA6111 /* LR_personalUserCircle@2x.png */; };
		8D6E266B1F444D2600FA6111 /* LR_personalUserCircle@3x.png in Resources */ = {isa = PBXBuildFile; fileRef = 8D6E26631F444D2600FA6111 /* LR_personalUserCircle@3x.png */; };
		8DC829251F42C58700B1BB79 /* Define.swift in Sources */ = {isa = PBXBuildFile; fileRef = 8DC829241F42C58700B1BB79 /* Define.swift */; };
		8DC829271F42C5A400B1BB79 /* StaticVariable.swift in Sources */ = {isa = PBXBuildFile; fileRef = 8DC829261F42C5A400B1BB79 /* StaticVariable.swift */; };
		8DC829291F42C5B800B1BB79 /* HeaderFile.swift in Sources */ = {isa = PBXBuildFile; fileRef = 8DC829281F42C5B800B1BB79 /* HeaderFile.swift */; };
		8DC8292C1F42C71000B1BB79 /* IHHomeCell.swift in Sources */ = {isa = PBXBuildFile; fileRef = 8DC8292A1F42C71000B1BB79 /* IHHomeCell.swift */; };
		8DC8292D1F42C71000B1BB79 /* IHHomeCell.xib in Resources */ = {isa = PBXBuildFile; fileRef = 8DC8292B1F42C71000B1BB79 /* IHHomeCell.xib */; };
		8DEAB2D21F43E562004FADD1 /* IHHomeSecondCell.swift in Sources */ = {isa = PBXBuildFile; fileRef = 8DEAB2D01F43E562004FADD1 /* IHHomeSecondCell.swift */; };
		8DEAB2D31F43E562004FADD1 /* IHHomeSecondCell.xib in Resources */ = {isa = PBXBuildFile; fileRef = 8DEAB2D11F43E562004FADD1 /* IHHomeSecondCell.xib */; };
		8DEAB2D61F43E573004FADD1 /* IHHomeThirdCell.swift in Sources */ = {isa = PBXBuildFile; fileRef = 8DEAB2D41F43E573004FADD1 /* IHHomeThirdCell.swift */; };
		8DEAB2D71F43E573004FADD1 /* IHHomeThirdCell.xib in Resources */ = {isa = PBXBuildFile; fileRef = 8DEAB2D51F43E573004FADD1 /* IHHomeThirdCell.xib */; };
		8DF89C941F46BBC7008DBA0E /* UIView+Extension.swift in Sources */ = {isa = PBXBuildFile; fileRef = 8DF89C931F46BBC7008DBA0E /* UIView+Extension.swift */; };
		8DF89C961F46E500008DBA0E /* UIImage+Extension.swift in Sources */ = {isa = PBXBuildFile; fileRef = 8DF89C951F46E500008DBA0E /* UIImage+Extension.swift */; };
		8DF89C981F46EAFF008DBA0E /* UIColor+Extension.swift in Sources */ = {isa = PBXBuildFile; fileRef = 8DF89C971F46EAFF008DBA0E /* UIColor+Extension.swift */; };
		8DF89C9A1F46F0BB008DBA0E /* String+Extension.swift in Sources */ = {isa = PBXBuildFile; fileRef = 8DF89C991F46F0BB008DBA0E /* String+Extension.swift */; };
		914CBC7340D5D2A63DADA866 /* Pods_InstalmenHelpSwift.framework in Frameworks */ = {isa = PBXBuildFile; fileRef = 126303DF5796527650253161 /* Pods_InstalmenHelpSwift.framework */; settings = {ATTRIBUTES = (Required, ); }; };
/* End PBXBuildFile section */

/* Begin PBXContainerItemProxy section */
		8D2DB0D21F4174AB007B7939 /* PBXContainerItemProxy */ = {
			isa = PBXContainerItemProxy;
			containerPortal = 8D2DB0B51F4174AB007B7939 /* Project object */;
			proxyType = 1;
			remoteGlobalIDString = 8D2DB0BC1F4174AB007B7939;
			remoteInfo = InstalmenHelpSwift;
		};
		8D2DB0DD1F4174AB007B7939 /* PBXContainerItemProxy */ = {
			isa = PBXContainerItemProxy;
			containerPortal = 8D2DB0B51F4174AB007B7939 /* Project object */;
			proxyType = 1;
			remoteGlobalIDString = 8D2DB0BC1F4174AB007B7939;
			remoteInfo = InstalmenHelpSwift;
		};
/* End PBXContainerItemProxy section */

/* Begin PBXFileReference section */
		126303DF5796527650253161 /* Pods_InstalmenHelpSwift.framework */ = {isa = PBXFileReference; explicitFileType = wrapper.framework; includeInIndex = 0; path = Pods_InstalmenHelpSwift.framework; sourceTree = BUILT_PRODUCTS_DIR; };
		8D21ED171F428DBC0088F3C3 /* IHHomeController.swift */ = {isa = PBXFileReference; fileEncoding = 4; lastKnownFileType = sourcecode.swift; path = IHHomeController.swift; sourceTree = "<group>"; };
		8D21ED1A1F428DDF0088F3C3 /* IHQRCodeController.swift */ = {isa = PBXFileReference; fileEncoding = 4; lastKnownFileType = sourcecode.swift; path = IHQRCodeController.swift; sourceTree = "<group>"; };
		8D21ED1C1F428DF60088F3C3 /* IHOrderController.swift */ = {isa = PBXFileReference; fileEncoding = 4; lastKnownFileType = sourcecode.swift; path = IHOrderController.swift; sourceTree = "<group>"; };
		8D21ED201F428E920088F3C3 /* BasicNavigationController.swift */ = {isa = PBXFileReference; fileEncoding = 4; lastKnownFileType = sourcecode.swift; path = BasicNavigationController.swift; sourceTree = "<group>"; };
		8D21ED241F428F190088F3C3 /* BasicTabBarController.swift */ = {isa = PBXFileReference; fileEncoding = 4; lastKnownFileType = sourcecode.swift; path = BasicTabBarController.swift; sourceTree = "<group>"; };
		8D2DB0BD1F4174AB007B7939 /* InstalmenHelpSwift.app */ = {isa = PBXFileReference; explicitFileType = wrapper.application; includeInIndex = 0; path = InstalmenHelpSwift.app; sourceTree = BUILT_PRODUCTS_DIR; };
		8D2DB0C01F4174AB007B7939 /* AppDelegate.swift */ = {isa = PBXFileReference; lastKnownFileType = sourcecode.swift; name = AppDelegate.swift; path = ../AppDelegate.swift; sourceTree = "<group>"; };
		8D2DB0C21F4174AB007B7939 /* ViewController.swift */ = {isa = PBXFileReference; lastKnownFileType = sourcecode.swift; name = ViewController.swift; path = ../ViewController.swift; sourceTree = "<group>"; };
		8D2DB0C51F4174AB007B7939 /* Base */ = {isa = PBXFileReference; lastKnownFileType = file.storyboard; name = Base; path = Base.lproj/Main.storyboard; sourceTree = "<group>"; };
		8D2DB0C71F4174AB007B7939 /* Assets.xcassets */ = {isa = PBXFileReference; lastKnownFileType = folder.assetcatalog; name = Assets.xcassets; path = ../Assets.xcassets; sourceTree = "<group>"; };
		8D2DB0CA1F4174AB007B7939 /* Base */ = {isa = PBXFileReference; lastKnownFileType = file.storyboard; name = Base; path = Base.lproj/LaunchScreen.storyboard; sourceTree = "<group>"; };
		8D2DB0CC1F4174AB007B7939 /* Info.plist */ = {isa = PBXFileReference; lastKnownFileType = text.plist.xml; name = Info.plist; path = ../Info.plist; sourceTree = "<group>"; };
		8D2DB0D11F4174AB007B7939 /* InstalmenHelpSwiftTests.xctest */ = {isa = PBXFileReference; explicitFileType = wrapper.cfbundle; includeInIndex = 0; path = InstalmenHelpSwiftTests.xctest; sourceTree = BUILT_PRODUCTS_DIR; };
		8D2DB0D51F4174AB007B7939 /* InstalmenHelpSwiftTests.swift */ = {isa = PBXFileReference; lastKnownFileType = sourcecode.swift; path = InstalmenHelpSwiftTests.swift; sourceTree = "<group>"; };
		8D2DB0D71F4174AB007B7939 /* Info.plist */ = {isa = PBXFileReference; lastKnownFileType = text.plist.xml; path = Info.plist; sourceTree = "<group>"; };
		8D2DB0DC1F4174AB007B7939 /* InstalmenHelpSwiftUITests.xctest */ = {isa = PBXFileReference; explicitFileType = wrapper.cfbundle; includeInIndex = 0; path = InstalmenHelpSwiftUITests.xctest; sourceTree = BUILT_PRODUCTS_DIR; };
		8D2DB0E01F4174AB007B7939 /* InstalmenHelpSwiftUITests.swift */ = {isa = PBXFileReference; lastKnownFileType = sourcecode.swift; path = InstalmenHelpSwiftUITests.swift; sourceTree = "<group>"; };
		8D2DB0E21F4174AB007B7939 /* Info.plist */ = {isa = PBXFileReference; lastKnownFileType = text.plist.xml; path = Info.plist; sourceTree = "<group>"; };
		8D2DB0EE1F4178EA007B7939 /* BasicController.swift */ = {isa = PBXFileReference; fileEncoding = 4; lastKnownFileType = sourcecode.swift; name = BasicController.swift; path = ../BasicController.swift; sourceTree = "<group>"; };
		8D6E26221F444B6500FA6111 /* normal_industry@2x.png */ = {isa = PBXFileReference; lastKnownFileType = image.png; path = "normal_industry@2x.png"; sourceTree = "<group>"; };
		8D6E26231F444B6500FA6111 /* normal_industry@3x.png */ = {isa = PBXFileReference; lastKnownFileType = image.png; path = "normal_industry@3x.png"; sourceTree = "<group>"; };
		8D6E26241F444B6500FA6111 /* normal_loan@2x.png */ = {isa = PBXFileReference; lastKnownFileType = image.png; path = "normal_loan@2x.png"; sourceTree = "<group>"; };
		8D6E26251F444B6500FA6111 /* normal_loan@3x.png */ = {isa = PBXFileReference; lastKnownFileType = image.png; path = "normal_loan@3x.png"; sourceTree = "<group>"; };
		8D6E26261F444B6500FA6111 /* normal_order@2x.png */ = {isa = PBXFileReference; lastKnownFileType = image.png; path = "normal_order@2x.png"; sourceTree = "<group>"; };
		8D6E26271F444B6500FA6111 /* normal_order@3x.png */ = {isa = PBXFileReference; lastKnownFileType = image.png; path = "normal_order@3x.png"; sourceTree = "<group>"; };
		8D6E26281F444B6500FA6111 /* QRCode@2x.png */ = {isa = PBXFileReference; lastKnownFileType = image.png; path = "QRCode@2x.png"; sourceTree = "<group>"; };
		8D6E26291F444B6500FA6111 /* QRCode@3x.png */ = {isa = PBXFileReference; lastKnownFileType = image.png; path = "QRCode@3x.png"; sourceTree = "<group>"; };
		8D6E262A1F444B6500FA6111 /* QRCodeIcon@2x.png */ = {isa = PBXFileReference; lastKnownFileType = image.png; path = "QRCodeIcon@2x.png"; sourceTree = "<group>"; };
		8D6E262B1F444B6500FA6111 /* QRCodeIcon@3x.png */ = {isa = PBXFileReference; lastKnownFileType = image.png; path = "QRCodeIcon@3x.png"; sourceTree = "<group>"; };
		8D6E262C1F444B6500FA6111 /* select_loan@2x.png */ = {isa = PBXFileReference; lastKnownFileType = image.png; path = "select_loan@2x.png"; sourceTree = "<group>"; };
		8D6E262D1F444B6500FA6111 /* select_loan@3x.png */ = {isa = PBXFileReference; lastKnownFileType = image.png; path = "select_loan@3x.png"; sourceTree = "<group>"; };
		8D6E262E1F444B6500FA6111 /* select_order@2x.png */ = {isa = PBXFileReference; lastKnownFileType = image.png; path = "select_order@2x.png"; sourceTree = "<group>"; };
		8D6E262F1F444B6500FA6111 /* select_order@3x.png */ = {isa = PBXFileReference; lastKnownFileType = image.png; path = "select_order@3x.png"; sourceTree = "<group>"; };
		8D6E263F1F444B8100FA6111 /* home_news@2x.png */ = {isa = PBXFileReference; lastKnownFileType = image.png; path = "home_news@2x.png"; sourceTree = "<group>"; };
		8D6E26401F444B8100FA6111 /* home_news@3x.png */ = {isa = PBXFileReference; lastKnownFileType = image.png; path = "home_news@3x.png"; sourceTree = "<group>"; };
		8D6E26431F444BC800FA6111 /* home_billing@2x.png */ = {isa = PBXFileReference; lastKnownFileType = image.png; path = "home_billing@2x.png"; sourceTree = "<group>"; };
		8D6E26441F444BC800FA6111 /* home_billing@3x.png */ = {isa = PBXFileReference; lastKnownFileType = image.png; path = "home_billing@3x.png"; sourceTree = "<group>"; };
		8D6E26471F444BF500FA6111 /* home_storeSetting@2x.png */ = {isa = PBXFileReference; lastKnownFileType = image.png; path = "home_storeSetting@2x.png"; sourceTree = "<group>"; };
		8D6E26481F444BF500FA6111 /* home_storeSetting@3x.png */ = {isa = PBXFileReference; lastKnownFileType = image.png; path = "home_storeSetting@3x.png"; sourceTree = "<group>"; };
		8D6E264B1F444C2600FA6111 /* home_cashPacket@2x.png */ = {isa = PBXFileReference; lastKnownFileType = image.png; path = "home_cashPacket@2x.png"; sourceTree = "<group>"; };
		8D6E264C1F444C2600FA6111 /* home_cashPacket@3x.png */ = {isa = PBXFileReference; lastKnownFileType = image.png; path = "home_cashPacket@3x.png"; sourceTree = "<group>"; };
		8D6E264F1F444C5500FA6111 /* home_staffManagement@2x.png */ = {isa = PBXFileReference; lastKnownFileType = image.png; path = "home_staffManagement@2x.png"; sourceTree = "<group>"; };
		8D6E26501F444C5500FA6111 /* home_staffManagement@3x.png */ = {isa = PBXFileReference; lastKnownFileType = image.png; path = "home_staffManagement@3x.png"; sourceTree = "<group>"; };
		8D6E26531F444C9100FA6111 /* home_invition@2x.png */ = {isa = PBXFileReference; lastKnownFileType = image.png; path = "home_invition@2x.png"; sourceTree = "<group>"; };
		8D6E26541F444C9100FA6111 /* home_invition@3x.png */ = {isa = PBXFileReference; lastKnownFileType = image.png; path = "home_invition@3x.png"; sourceTree = "<group>"; };
		8D6E26571F444CB600FA6111 /* home_ statistics@2x.png */ = {isa = PBXFileReference; lastKnownFileType = image.png; path = "home_ statistics@2x.png"; sourceTree = "<group>"; };
		8D6E26581F444CB600FA6111 /* home_ statistics@3x.png */ = {isa = PBXFileReference; lastKnownFileType = image.png; path = "home_ statistics@3x.png"; sourceTree = "<group>"; };
		8D6E265C1F444D2600FA6111 /* LR_enterpriseUser@2x.png */ = {isa = PBXFileReference; lastKnownFileType = image.png; path = "LR_enterpriseUser@2x.png"; sourceTree = "<group>"; };
		8D6E265D1F444D2600FA6111 /* LR_enterpriseUser@3x.png */ = {isa = PBXFileReference; lastKnownFileType = image.png; path = "LR_enterpriseUser@3x.png"; sourceTree = "<group>"; };
		8D6E265E1F444D2600FA6111 /* LR_enterpriseUserCircle@2x.png */ = {isa = PBXFileReference; lastKnownFileType = image.png; path = "LR_enterpriseUserCircle@2x.png"; sourceTree = "<group>"; };
		8D6E265F1F444D2600FA6111 /* LR_enterpriseUserCircle@3x.png */ = {isa = PBXFileReference; lastKnownFileType = image.png; path = "LR_enterpriseUserCircle@3x.png"; sourceTree = "<group>"; };
		8D6E26601F444D2600FA6111 /* LR_personalUser@2x.png */ = {isa = PBXFileReference; lastKnownFileType = image.png; path = "LR_personalUser@2x.png"; sourceTree = "<group>"; };
		8D6E26611F444D2600FA6111 /* LR_personalUser@3x.png */ = {isa = PBXFileReference; lastKnownFileType = image.png; path = "LR_personalUser@3x.png"; sourceTree = "<group>"; };
		8D6E26621F444D2600FA6111 /* LR_personalUserCircle@2x.png */ = {isa = PBXFileReference; lastKnownFileType = image.png; path = "LR_personalUserCircle@2x.png"; sourceTree = "<group>"; };
		8D6E26631F444D2600FA6111 /* LR_personalUserCircle@3x.png */ = {isa = PBXFileReference; lastKnownFileType = image.png; path = "LR_personalUserCircle@3x.png"; sourceTree = "<group>"; };
		8DC829241F42C58700B1BB79 /* Define.swift */ = {isa = PBXFileReference; fileEncoding = 4; lastKnownFileType = sourcecode.swift; path = Define.swift; sourceTree = "<group>"; };
		8DC829261F42C5A400B1BB79 /* StaticVariable.swift */ = {isa = PBXFileReference; fileEncoding = 4; lastKnownFileType = sourcecode.swift; path = StaticVariable.swift; sourceTree = "<group>"; };
		8DC829281F42C5B800B1BB79 /* HeaderFile.swift */ = {isa = PBXFileReference; fileEncoding = 4; lastKnownFileType = sourcecode.swift; path = HeaderFile.swift; sourceTree = "<group>"; };
		8DC8292A1F42C71000B1BB79 /* IHHomeCell.swift */ = {isa = PBXFileReference; fileEncoding = 4; lastKnownFileType = sourcecode.swift; path = IHHomeCell.swift; sourceTree = "<group>"; };
		8DC8292B1F42C71000B1BB79 /* IHHomeCell.xib */ = {isa = PBXFileReference; fileEncoding = 4; lastKnownFileType = file.xib; path = IHHomeCell.xib; sourceTree = "<group>"; };
		8DEAB2D01F43E562004FADD1 /* IHHomeSecondCell.swift */ = {isa = PBXFileReference; fileEncoding = 4; lastKnownFileType = sourcecode.swift; path = IHHomeSecondCell.swift; sourceTree = "<group>"; };
		8DEAB2D11F43E562004FADD1 /* IHHomeSecondCell.xib */ = {isa = PBXFileReference; fileEncoding = 4; lastKnownFileType = file.xib; path = IHHomeSecondCell.xib; sourceTree = "<group>"; };
		8DEAB2D41F43E573004FADD1 /* IHHomeThirdCell.swift */ = {isa = PBXFileReference; fileEncoding = 4; lastKnownFileType = sourcecode.swift; path = IHHomeThirdCell.swift; sourceTree = "<group>"; };
		8DEAB2D51F43E573004FADD1 /* IHHomeThirdCell.xib */ = {isa = PBXFileReference; fileEncoding = 4; lastKnownFileType = file.xib; path = IHHomeThirdCell.xib; sourceTree = "<group>"; };
		8DF89C931F46BBC7008DBA0E /* UIView+Extension.swift */ = {isa = PBXFileReference; fileEncoding = 4; lastKnownFileType = sourcecode.swift; path = "UIView+Extension.swift"; sourceTree = "<group>"; };
		8DF89C951F46E500008DBA0E /* UIImage+Extension.swift */ = {isa = PBXFileReference; fileEncoding = 4; lastKnownFileType = sourcecode.swift; path = "UIImage+Extension.swift"; sourceTree = "<group>"; };
		8DF89C971F46EAFF008DBA0E /* UIColor+Extension.swift */ = {isa = PBXFileReference; fileEncoding = 4; lastKnownFileType = sourcecode.swift; path = "UIColor+Extension.swift"; sourceTree = "<group>"; };
		8DF89C991F46F0BB008DBA0E /* String+Extension.swift */ = {isa = PBXFileReference; fileEncoding = 4; lastKnownFileType = sourcecode.swift; path = "String+Extension.swift"; sourceTree = "<group>"; };
		9766CD302283513CB87FB0D6 /* Pods-InstalmenHelpSwift.release.xcconfig */ = {isa = PBXFileReference; includeInIndex = 1; lastKnownFileType = text.xcconfig; name = "Pods-InstalmenHelpSwift.release.xcconfig"; path = "Pods/Target Support Files/Pods-InstalmenHelpSwift/Pods-InstalmenHelpSwift.release.xcconfig"; sourceTree = "<group>"; };
		F6ECC0224B62A98A562F14D9 /* Pods-InstalmenHelpSwift.debug.xcconfig */ = {isa = PBXFileReference; includeInIndex = 1; lastKnownFileType = text.xcconfig; name = "Pods-InstalmenHelpSwift.debug.xcconfig"; path = "Pods/Target Support Files/Pods-InstalmenHelpSwift/Pods-InstalmenHelpSwift.debug.xcconfig"; sourceTree = "<group>"; };
/* End PBXFileReference section */

/* Begin PBXFrameworksBuildPhase section */
		8D2DB0BA1F4174AB007B7939 /* Frameworks */ = {
			isa = PBXFrameworksBuildPhase;
			buildActionMask = 2147483647;
			files = (
				914CBC7340D5D2A63DADA866 /* Pods_InstalmenHelpSwift.framework in Frameworks */,
			);
			runOnlyForDeploymentPostprocessing = 0;
		};
		8D2DB0CE1F4174AB007B7939 /* Frameworks */ = {
			isa = PBXFrameworksBuildPhase;
			buildActionMask = 2147483647;
			files = (
			);
			runOnlyForDeploymentPostprocessing = 0;
		};
		8D2DB0D91F4174AB007B7939 /* Frameworks */ = {
			isa = PBXFrameworksBuildPhase;
			buildActionMask = 2147483647;
			files = (
			);
			runOnlyForDeploymentPostprocessing = 0;
		};
/* End PBXFrameworksBuildPhase section */

/* Begin PBXGroup section */
		366F857BA38F65AB9077FE68 /* Pods */ = {
			isa = PBXGroup;
			children = (
				F6ECC0224B62A98A562F14D9 /* Pods-InstalmenHelpSwift.debug.xcconfig */,
				9766CD302283513CB87FB0D6 /* Pods-InstalmenHelpSwift.release.xcconfig */,
			);
			name = Pods;
			sourceTree = "<group>";
		};
		8BC66B78495828EBB71BB256 /* Frameworks */ = {
			isa = PBXGroup;
			children = (
				126303DF5796527650253161 /* Pods_InstalmenHelpSwift.framework */,
			);
			name = Frameworks;
			sourceTree = "<group>";
		};
		8D21ED071F428D860088F3C3 /* homePage(首页) */ = {
			isa = PBXGroup;
			children = (
				8D21ED081F428D860088F3C3 /* Controllers */,
				8D21ED0B1F428D860088F3C3 /* Views */,
				8D21ED091F428D860088F3C3 /* Models */,
				8D21ED0A1F428D860088F3C3 /* Others */,
			);
			path = "homePage(首页)";
			sourceTree = "<group>";
		};
		8D21ED081F428D860088F3C3 /* Controllers */ = {
			isa = PBXGroup;
			children = (
				8D21ED171F428DBC0088F3C3 /* IHHomeController.swift */,
			);
			path = Controllers;
			sourceTree = "<group>";
		};
		8D21ED091F428D860088F3C3 /* Models */ = {
			isa = PBXGroup;
			children = (
			);
			path = Models;
			sourceTree = "<group>";
		};
		8D21ED0A1F428D860088F3C3 /* Others */ = {
			isa = PBXGroup;
			children = (
			);
			path = Others;
			sourceTree = "<group>";
		};
		8D21ED0B1F428D860088F3C3 /* Views */ = {
			isa = PBXGroup;
			children = (
				8DC8292A1F42C71000B1BB79 /* IHHomeCell.swift */,
				8DC8292B1F42C71000B1BB79 /* IHHomeCell.xib */,
				8DEAB2D01F43E562004FADD1 /* IHHomeSecondCell.swift */,
				8DEAB2D11F43E562004FADD1 /* IHHomeSecondCell.xib */,
				8DEAB2D41F43E573004FADD1 /* IHHomeThirdCell.swift */,
				8DEAB2D51F43E573004FADD1 /* IHHomeThirdCell.xib */,
			);
			path = Views;
			sourceTree = "<group>";
		};
		8D21ED0C1F428D860088F3C3 /* OrderForm(订单) */ = {
			isa = PBXGroup;
			children = (
				8D21ED0D1F428D860088F3C3 /* Controllers */,
				8D21ED101F428D860088F3C3 /* Views */,
				8D21ED0E1F428D860088F3C3 /* Models */,
				8D21ED0F1F428D860088F3C3 /* Others */,
			);
			path = "OrderForm(订单)";
			sourceTree = "<group>";
		};
		8D21ED0D1F428D860088F3C3 /* Controllers */ = {
			isa = PBXGroup;
			children = (
				8D21ED1C1F428DF60088F3C3 /* IHOrderController.swift */,
			);
			path = Controllers;
			sourceTree = "<group>";
		};
		8D21ED0E1F428D860088F3C3 /* Models */ = {
			isa = PBXGroup;
			children = (
			);
			path = Models;
			sourceTree = "<group>";
		};
		8D21ED0F1F428D860088F3C3 /* Others */ = {
			isa = PBXGroup;
			children = (
			);
			path = Others;
			sourceTree = "<group>";
		};
		8D21ED101F428D860088F3C3 /* Views */ = {
			isa = PBXGroup;
			children = (
			);
			path = Views;
			sourceTree = "<group>";
		};
		8D21ED111F428D860088F3C3 /* Others */ = {
			isa = PBXGroup;
			children = (
			);
			path = Others;
			sourceTree = "<group>";
		};
		8D21ED121F428D860088F3C3 /* QRCode(二维码) */ = {
			isa = PBXGroup;
			children = (
				8D21ED131F428D860088F3C3 /* Controllers */,
				8D21ED161F428D860088F3C3 /* Views */,
				8D21ED141F428D860088F3C3 /* Models */,
				8D21ED151F428D860088F3C3 /* Others */,
			);
			path = "QRCode(二维码)";
			sourceTree = "<group>";
		};
		8D21ED131F428D860088F3C3 /* Controllers */ = {
			isa = PBXGroup;
			children = (
				8D21ED1A1F428DDF0088F3C3 /* IHQRCodeController.swift */,
			);
			path = Controllers;
			sourceTree = "<group>";
		};
		8D21ED141F428D860088F3C3 /* Models */ = {
			isa = PBXGroup;
			children = (
			);
			path = Models;
			sourceTree = "<group>";
		};
		8D21ED151F428D860088F3C3 /* Others */ = {
			isa = PBXGroup;
			children = (
			);
			path = Others;
			sourceTree = "<group>";
		};
		8D21ED161F428D860088F3C3 /* Views */ = {
			isa = PBXGroup;
			children = (
			);
			path = Views;
			sourceTree = "<group>";
		};
		8D2DB0B41F4174AB007B7939 = {
			isa = PBXGroup;
			children = (
				8D2DB0BF1F4174AB007B7939 /* InstalmenHelpSwift */,
				8D2DB0D41F4174AB007B7939 /* InstalmenHelpSwiftTests */,
				8D2DB0DF1F4174AB007B7939 /* InstalmenHelpSwiftUITests */,
				8D2DB0BE1F4174AB007B7939 /* Products */,
				366F857BA38F65AB9077FE68 /* Pods */,
				8BC66B78495828EBB71BB256 /* Frameworks */,
			);
			sourceTree = "<group>";
		};
		8D2DB0BE1F4174AB007B7939 /* Products */ = {
			isa = PBXGroup;
			children = (
				8D2DB0BD1F4174AB007B7939 /* InstalmenHelpSwift.app */,
				8D2DB0D11F4174AB007B7939 /* InstalmenHelpSwiftTests.xctest */,
				8D2DB0DC1F4174AB007B7939 /* InstalmenHelpSwiftUITests.xctest */,
			);
			name = Products;
			sourceTree = "<group>";
		};
		8D2DB0BF1F4174AB007B7939 /* InstalmenHelpSwift */ = {
			isa = PBXGroup;
			children = (
				8D2DB0F41F419888007B7939 /* Main */,
				8D2DB0F11F419888007B7939 /* Classes */,
				8D2DB0F21F419888007B7939 /* HttpTools */,
				8DC829221F42C54100B1BB79 /* Common */,
				8D2DB0F31F419888007B7939 /* Libs */,
				8D2DB0F01F419888007B7939 /* Categories */,
				8D2DB0F51F419888007B7939 /* Resource */,
				8D2DB0F61F419888007B7939 /* UserDefaults */,
				8D2DB0F71F4198C4007B7939 /* Others */,
			);
			path = InstalmenHelpSwift;
			sourceTree = "<group>";
		};
		8D2DB0D41F4174AB007B7939 /* InstalmenHelpSwiftTests */ = {
			isa = PBXGroup;
			children = (
				8D2DB0D51F4174AB007B7939 /* InstalmenHelpSwiftTests.swift */,
				8D2DB0D71F4174AB007B7939 /* Info.plist */,
			);
			path = InstalmenHelpSwiftTests;
			sourceTree = "<group>";
		};
		8D2DB0DF1F4174AB007B7939 /* InstalmenHelpSwiftUITests */ = {
			isa = PBXGroup;
			children = (
				8D2DB0E01F4174AB007B7939 /* InstalmenHelpSwiftUITests.swift */,
				8D2DB0E21F4174AB007B7939 /* Info.plist */,
			);
			path = InstalmenHelpSwiftUITests;
			sourceTree = "<group>";
		};
		8D2DB0F01F419888007B7939 /* Categories */ = {
			isa = PBXGroup;
			children = (
				8DF89C931F46BBC7008DBA0E /* UIView+Extension.swift */,
				8DF89C951F46E500008DBA0E /* UIImage+Extension.swift */,
				8DF89C971F46EAFF008DBA0E /* UIColor+Extension.swift */,
				8DF89C991F46F0BB008DBA0E /* String+Extension.swift */,
			);
			path = Categories;
			sourceTree = "<group>";
		};
		8D2DB0F11F419888007B7939 /* Classes */ = {
			isa = PBXGroup;
			children = (
				8D21ED071F428D860088F3C3 /* homePage(首页) */,
				8D21ED121F428D860088F3C3 /* QRCode(二维码) */,
				8D21ED0C1F428D860088F3C3 /* OrderForm(订单) */,
				8D21ED111F428D860088F3C3 /* Others */,
			);
			path = Classes;
			sourceTree = "<group>";
		};
		8D2DB0F21F419888007B7939 /* HttpTools */ = {
			isa = PBXGroup;
			children = (
			);
			path = HttpTools;
			sourceTree = "<group>";
		};
		8D2DB0F31F419888007B7939 /* Libs */ = {
			isa = PBXGroup;
			children = (
			);
			path = Libs;
			sourceTree = "<group>";
		};
		8D2DB0F41F419888007B7939 /* Main */ = {
			isa = PBXGroup;
			children = (
				8D2DB0C01F4174AB007B7939 /* AppDelegate.swift */,
				8D2DB0EE1F4178EA007B7939 /* BasicController.swift */,
				8D21ED201F428E920088F3C3 /* BasicNavigationController.swift */,
				8D21ED241F428F190088F3C3 /* BasicTabBarController.swift */,
			);
			path = Main;
			sourceTree = "<group>";
		};
		8D2DB0F51F419888007B7939 /* Resource */ = {
			isa = PBXGroup;
			children = (
				8D6E265B1F444D2600FA6111 /* Login&Register */,
				8D6E263E1F444B7C00FA6111 /* Home(首页) */,
				8D6E26211F444B6500FA6111 /* TabBar */,
			);
			path = Resource;
			sourceTree = "<group>";
		};
		8D2DB0F61F419888007B7939 /* UserDefaults */ = {
			isa = PBXGroup;
			children = (
			);
			path = UserDefaults;
			sourceTree = "<group>";
		};
		8D2DB0F71F4198C4007B7939 /* Others */ = {
			isa = PBXGroup;
			children = (
				8D2DB0C21F4174AB007B7939 /* ViewController.swift */,
				8D2DB0C41F4174AB007B7939 /* Main.storyboard */,
				8D2DB0C71F4174AB007B7939 /* Assets.xcassets */,
				8D2DB0C91F4174AB007B7939 /* LaunchScreen.storyboard */,
				8D2DB0CC1F4174AB007B7939 /* Info.plist */,
			);
			path = Others;
			sourceTree = "<group>";
		};
		8D6E26211F444B6500FA6111 /* TabBar */ = {
			isa = PBXGroup;
			children = (
				8D6E26221F444B6500FA6111 /* normal_industry@2x.png */,
				8D6E26231F444B6500FA6111 /* normal_industry@3x.png */,
				8D6E26241F444B6500FA6111 /* normal_loan@2x.png */,
				8D6E26251F444B6500FA6111 /* normal_loan@3x.png */,
				8D6E26261F444B6500FA6111 /* normal_order@2x.png */,
				8D6E26271F444B6500FA6111 /* normal_order@3x.png */,
				8D6E26281F444B6500FA6111 /* QRCode@2x.png */,
				8D6E26291F444B6500FA6111 /* QRCode@3x.png */,
				8D6E262A1F444B6500FA6111 /* QRCodeIcon@2x.png */,
				8D6E262B1F444B6500FA6111 /* QRCodeIcon@3x.png */,
				8D6E262C1F444B6500FA6111 /* select_loan@2x.png */,
				8D6E262D1F444B6500FA6111 /* select_loan@3x.png */,
				8D6E262E1F444B6500FA6111 /* select_order@2x.png */,
				8D6E262F1F444B6500FA6111 /* select_order@3x.png */,
			);
			path = TabBar;
			sourceTree = "<group>";
		};
		8D6E263E1F444B7C00FA6111 /* Home(首页) */ = {
			isa = PBXGroup;
			children = (
				8D6E26571F444CB600FA6111 /* home_ statistics@2x.png */,
				8D6E26581F444CB600FA6111 /* home_ statistics@3x.png */,
				8D6E26531F444C9100FA6111 /* home_invition@2x.png */,
				8D6E26541F444C9100FA6111 /* home_invition@3x.png */,
				8D6E264F1F444C5500FA6111 /* home_staffManagement@2x.png */,
				8D6E26501F444C5500FA6111 /* home_staffManagement@3x.png */,
				8D6E264B1F444C2600FA6111 /* home_cashPacket@2x.png */,
				8D6E264C1F444C2600FA6111 /* home_cashPacket@3x.png */,
				8D6E26471F444BF500FA6111 /* home_storeSetting@2x.png */,
				8D6E26481F444BF500FA6111 /* home_storeSetting@3x.png */,
				8D6E26431F444BC800FA6111 /* home_billing@2x.png */,
				8D6E26441F444BC800FA6111 /* home_billing@3x.png */,
				8D6E263F1F444B8100FA6111 /* home_news@2x.png */,
				8D6E26401F444B8100FA6111 /* home_news@3x.png */,
			);
			path = "Home(首页)";
			sourceTree = "<group>";
		};
		8D6E265B1F444D2600FA6111 /* Login&Register */ = {
			isa = PBXGroup;
			children = (
				8D6E265C1F444D2600FA6111 /* LR_enterpriseUser@2x.png */,
				8D6E265D1F444D2600FA6111 /* LR_enterpriseUser@3x.png */,
				8D6E265E1F444D2600FA6111 /* LR_enterpriseUserCircle@2x.png */,
				8D6E265F1F444D2600FA6111 /* LR_enterpriseUserCircle@3x.png */,
				8D6E26601F444D2600FA6111 /* LR_personalUser@2x.png */,
				8D6E26611F444D2600FA6111 /* LR_personalUser@3x.png */,
				8D6E26621F444D2600FA6111 /* LR_personalUserCircle@2x.png */,
				8D6E26631F444D2600FA6111 /* LR_personalUserCircle@3x.png */,
			);
			path = "Login&Register";
			sourceTree = "<group>";
		};
		8DC829221F42C54100B1BB79 /* Common */ = {
			isa = PBXGroup;
			children = (
				8DC829281F42C5B800B1BB79 /* HeaderFile.swift */,
				8DC829241F42C58700B1BB79 /* Define.swift */,
				8DC829261F42C5A400B1BB79 /* StaticVariable.swift */,
			);
			path = Common;
			sourceTree = "<group>";
		};
/* End PBXGroup section */

/* Begin PBXNativeTarget section */
		8D2DB0BC1F4174AB007B7939 /* InstalmenHelpSwift */ = {
			isa = PBXNativeTarget;
			buildConfigurationList = 8D2DB0E51F4174AB007B7939 /* Build configuration list for PBXNativeTarget "InstalmenHelpSwift" */;
			buildPhases = (
				6696EB0E621A9699A124E6AA /* [CP] Check Pods Manifest.lock */,
				8D2DB0B91F4174AB007B7939 /* Sources */,
				8D2DB0BA1F4174AB007B7939 /* Frameworks */,
				8D2DB0BB1F4174AB007B7939 /* Resources */,
				D434F0ACE1B1B196AEAF20EA /* [CP] Embed Pods Frameworks */,
				65527B02A7217BD1CF0DC94E /* [CP] Copy Pods Resources */,
			);
			buildRules = (
			);
			dependencies = (
			);
			name = InstalmenHelpSwift;
			productName = InstalmenHelpSwift;
			productReference = 8D2DB0BD1F4174AB007B7939 /* InstalmenHelpSwift.app */;
			productType = "com.apple.product-type.application";
		};
		8D2DB0D01F4174AB007B7939 /* InstalmenHelpSwiftTests */ = {
			isa = PBXNativeTarget;
			buildConfigurationList = 8D2DB0E81F4174AB007B7939 /* Build configuration list for PBXNativeTarget "InstalmenHelpSwiftTests" */;
			buildPhases = (
				8D2DB0CD1F4174AB007B7939 /* Sources */,
				8D2DB0CE1F4174AB007B7939 /* Frameworks */,
				8D2DB0CF1F4174AB007B7939 /* Resources */,
			);
			buildRules = (
			);
			dependencies = (
				8D2DB0D31F4174AB007B7939 /* PBXTargetDependency */,
			);
			name = InstalmenHelpSwiftTests;
			productName = InstalmenHelpSwiftTests;
			productReference = 8D2DB0D11F4174AB007B7939 /* InstalmenHelpSwiftTests.xctest */;
			productType = "com.apple.product-type.bundle.unit-test";
		};
		8D2DB0DB1F4174AB007B7939 /* InstalmenHelpSwiftUITests */ = {
			isa = PBXNativeTarget;
			buildConfigurationList = 8D2DB0EB1F4174AB007B7939 /* Build configuration list for PBXNativeTarget "InstalmenHelpSwiftUITests" */;
			buildPhases = (
				8D2DB0D81F4174AB007B7939 /* Sources */,
				8D2DB0D91F4174AB007B7939 /* Frameworks */,
				8D2DB0DA1F4174AB007B7939 /* Resources */,
			);
			buildRules = (
			);
			dependencies = (
				8D2DB0DE1F4174AB007B7939 /* PBXTargetDependency */,
			);
			name = InstalmenHelpSwiftUITests;
			productName = InstalmenHelpSwiftUITests;
			productReference = 8D2DB0DC1F4174AB007B7939 /* InstalmenHelpSwiftUITests.xctest */;
			productType = "com.apple.product-type.bundle.ui-testing";
		};
/* End PBXNativeTarget section */

/* Begin PBXProject section */
		8D2DB0B51F4174AB007B7939 /* Project object */ = {
			isa = PBXProject;
			attributes = {
				LastSwiftUpdateCheck = 0830;
				LastUpgradeCheck = 0830;
				ORGANIZATIONNAME = "XQT-zfd";
				TargetAttributes = {
					8D2DB0BC1F4174AB007B7939 = {
						CreatedOnToolsVersion = 8.3.3;
						DevelopmentTeam = EQCKJRGNQ5;
						ProvisioningStyle = Automatic;
					};
					8D2DB0D01F4174AB007B7939 = {
						CreatedOnToolsVersion = 8.3.3;
						ProvisioningStyle = Automatic;
						TestTargetID = 8D2DB0BC1F4174AB007B7939;
					};
					8D2DB0DB1F4174AB007B7939 = {
						CreatedOnToolsVersion = 8.3.3;
						ProvisioningStyle = Automatic;
						TestTargetID = 8D2DB0BC1F4174AB007B7939;
					};
				};
			};
			buildConfigurationList = 8D2DB0B81F4174AB007B7939 /* Build configuration list for PBXProject "InstalmenHelpSwift" */;
			compatibilityVersion = "Xcode 3.2";
			developmentRegion = English;
			hasScannedForEncodings = 0;
			knownRegions = (
				en,
				Base,
			);
			mainGroup = 8D2DB0B41F4174AB007B7939;
			productRefGroup = 8D2DB0BE1F4174AB007B7939 /* Products */;
			projectDirPath = "";
			projectRoot = "";
			targets = (
				8D2DB0BC1F4174AB007B7939 /* InstalmenHelpSwift */,
				8D2DB0D01F4174AB007B7939 /* InstalmenHelpSwiftTests */,
				8D2DB0DB1F4174AB007B7939 /* InstalmenHelpSwiftUITests */,
			);
		};
/* End PBXProject section */

/* Begin PBXResourcesBuildPhase section */
		8D2DB0BB1F4174AB007B7939 /* Resources */ = {
			isa = PBXResourcesBuildPhase;
			buildActionMask = 2147483647;
			files = (
				8D6E26341F444B6500FA6111 /* normal_order@2x.png in Resources */,
				8D2DB0CB1F4174AB007B7939 /* LaunchScreen.storyboard in Resources */,
				8D6E26681F444D2600FA6111 /* LR_personalUser@2x.png in Resources */,
				8D6E26491F444BF500FA6111 /* home_storeSetting@2x.png in Resources */,
				8D6E26641F444D2600FA6111 /* LR_enterpriseUser@2x.png in Resources */,
				8D6E26461F444BC800FA6111 /* home_billing@3x.png in Resources */,
				8D6E26381F444B6500FA6111 /* QRCodeIcon@2x.png in Resources */,
				8D6E26451F444BC800FA6111 /* home_billing@2x.png in Resources */,
				8D6E263A1F444B6500FA6111 /* select_loan@2x.png in Resources */,
				8D6E264D1F444C2600FA6111 /* home_cashPacket@2x.png in Resources */,
				8DEAB2D71F43E573004FADD1 /* IHHomeThirdCell.xib in Resources */,
				8D2DB0C81F4174AB007B7939 /* Assets.xcassets in Resources */,
				8D6E26691F444D2600FA6111 /* LR_personalUser@3x.png in Resources */,
				8D6E26561F444C9100FA6111 /* home_invition@3x.png in Resources */,
				8DC8292D1F42C71000B1BB79 /* IHHomeCell.xib in Resources */,
				8D6E264E1F444C2600FA6111 /* home_cashPacket@3x.png in Resources */,
				8D6E26521F444C5500FA6111 /* home_staffManagement@3x.png in Resources */,
				8D6E26391F444B6500FA6111 /* QRCodeIcon@3x.png in Resources */,
				8D6E263D1F444B6500FA6111 /* select_order@3x.png in Resources */,
				8D6E26351F444B6500FA6111 /* normal_order@3x.png in Resources */,
				8D6E266B1F444D2600FA6111 /* LR_personalUserCircle@3x.png in Resources */,
				8D6E26551F444C9100FA6111 /* home_invition@2x.png in Resources */,
				8D6E26661F444D2600FA6111 /* LR_enterpriseUserCircle@2x.png in Resources */,
				8D6E26331F444B6500FA6111 /* normal_loan@3x.png in Resources */,
				8D6E263C1F444B6500FA6111 /* select_order@2x.png in Resources */,
				8D6E265A1F444CB600FA6111 /* home_ statistics@3x.png in Resources */,
				8D6E26361F444B6500FA6111 /* QRCode@2x.png in Resources */,
				8D6E26651F444D2600FA6111 /* LR_enterpriseUser@3x.png in Resources */,
				8D6E26421F444B8100FA6111 /* home_news@3x.png in Resources */,
				8D6E26591F444CB600FA6111 /* home_ statistics@2x.png in Resources */,
				8D6E263B1F444B6500FA6111 /* select_loan@3x.png in Resources */,
				8D6E26321F444B6500FA6111 /* normal_loan@2x.png in Resources */,
				8D6E26411F444B8100FA6111 /* home_news@2x.png in Resources */,
				8D6E26371F444B6500FA6111 /* QRCode@3x.png in Resources */,
				8D6E26511F444C5500FA6111 /* home_staffManagement@2x.png in Resources */,
				8DEAB2D31F43E562004FADD1 /* IHHomeSecondCell.xib in Resources */,
				8D6E266A1F444D2600FA6111 /* LR_personalUserCircle@2x.png in Resources */,
				8D2DB0C61F4174AB007B7939 /* Main.storyboard in Resources */,
				8D6E26311F444B6500FA6111 /* normal_industry@3x.png in Resources */,
				8D6E26671F444D2600FA6111 /* LR_enterpriseUserCircle@3x.png in Resources */,
				8D6E26301F444B6500FA6111 /* normal_industry@2x.png in Resources */,
				8D6E264A1F444BF500FA6111 /* home_storeSetting@3x.png in Resources */,
			);
			runOnlyForDeploymentPostprocessing = 0;
		};
		8D2DB0CF1F4174AB007B7939 /* Resources */ = {
			isa = PBXResourcesBuildPhase;
			buildActionMask = 2147483647;
			files = (
			);
			runOnlyForDeploymentPostprocessing = 0;
		};
		8D2DB0DA1F4174AB007B7939 /* Resources */ = {
			isa = PBXResourcesBuildPhase;
			buildActionMask = 2147483647;
			files = (
			);
			runOnlyForDeploymentPostprocessing = 0;
		};
/* End PBXResourcesBuildPhase section */

/* Begin PBXShellScriptBuildPhase section */
		65527B02A7217BD1CF0DC94E /* [CP] Copy Pods Resources */ = {
			isa = PBXShellScriptBuildPhase;
			buildActionMask = 2147483647;
			files = (
			);
			inputPaths = (
			);
			name = "[CP] Copy Pods Resources";
			outputPaths = (
			);
			runOnlyForDeploymentPostprocessing = 0;
			shellPath = /bin/sh;
			shellScript = "\"${SRCROOT}/Pods/Target Support Files/Pods-InstalmenHelpSwift/Pods-InstalmenHelpSwift-resources.sh\"\n";
			showEnvVarsInLog = 0;
		};
		6696EB0E621A9699A124E6AA /* [CP] Check Pods Manifest.lock */ = {
			isa = PBXShellScriptBuildPhase;
			buildActionMask = 2147483647;
			files = (
			);
			inputPaths = (
			);
			name = "[CP] Check Pods Manifest.lock";
			outputPaths = (
			);
			runOnlyForDeploymentPostprocessing = 0;
			shellPath = /bin/sh;
			shellScript = "diff \"${PODS_PODFILE_DIR_PATH}/Podfile.lock\" \"${PODS_ROOT}/Manifest.lock\" > /dev/null\nif [ $? != 0 ] ; then\n    # print error to STDERR\n    echo \"error: The sandbox is not in sync with the Podfile.lock. Run 'pod install' or update your CocoaPods installation.\" >&2\n    exit 1\nfi\n";
			showEnvVarsInLog = 0;
		};
		D434F0ACE1B1B196AEAF20EA /* [CP] Embed Pods Frameworks */ = {
			isa = PBXShellScriptBuildPhase;
			buildActionMask = 2147483647;
			files = (
			);
			inputPaths = (
			);
			name = "[CP] Embed Pods Frameworks";
			outputPaths = (
			);
			runOnlyForDeploymentPostprocessing = 0;
			shellPath = /bin/sh;
			shellScript = "\"${SRCROOT}/Pods/Target Support Files/Pods-InstalmenHelpSwift/Pods-InstalmenHelpSwift-frameworks.sh\"\n";
			showEnvVarsInLog = 0;
		};
/* End PBXShellScriptBuildPhase section */

/* Begin PBXSourcesBuildPhase section */
		8D2DB0B91F4174AB007B7939 /* Sources */ = {
			isa = PBXSourcesBuildPhase;
			buildActionMask = 2147483647;
			files = (
				8D21ED251F428F190088F3C3 /* BasicTabBarController.swift in Sources */,
				8DEAB2D61F43E573004FADD1 /* IHHomeThirdCell.swift in Sources */,
				8DC829271F42C5A400B1BB79 /* StaticVariable.swift in Sources */,
				8DF89C941F46BBC7008DBA0E /* UIView+Extension.swift in Sources */,
				8DF89C981F46EAFF008DBA0E /* UIColor+Extension.swift in Sources */,
				8DC829251F42C58700B1BB79 /* Define.swift in Sources */,
				8D2DB0C31F4174AB007B7939 /* ViewController.swift in Sources */,
				8D21ED1D1F428DF60088F3C3 /* IHOrderController.swift in Sources */,
				8DC829291F42C5B800B1BB79 /* HeaderFile.swift in Sources */,
				8D21ED211F428E920088F3C3 /* BasicNavigationController.swift in Sources */,
				8DF89C9A1F46F0BB008DBA0E /* String+Extension.swift in Sources */,
				8D21ED1B1F428DDF0088F3C3 /* IHQRCodeController.swift in Sources */,
				8D2DB0EF1F4178EA007B7939 /* BasicController.swift in Sources */,
				8DF89C961F46E500008DBA0E /* UIImage+Extension.swift in Sources */,
				8DC8292C1F42C71000B1BB79 /* IHHomeCell.swift in Sources */,
				8D2DB0C11F4174AB007B7939 /* AppDelegate.swift in Sources */,
				8DEAB2D21F43E562004FADD1 /* IHHomeSecondCell.swift in Sources */,
				8D21ED181F428DBC0088F3C3 /* IHHomeController.swift in Sources */,
			);
			runOnlyForDeploymentPostprocessing = 0;
		};
		8D2DB0CD1F4174AB007B7939 /* Sources */ = {
			isa = PBXSourcesBuildPhase;
			buildActionMask = 2147483647;
			files = (
				8D2DB0D61F4174AB007B7939 /* InstalmenHelpSwiftTests.swift in Sources */,
			);
			runOnlyForDeploymentPostprocessing = 0;
		};
		8D2DB0D81F4174AB007B7939 /* Sources */ = {
			isa = PBXSourcesBuildPhase;
			buildActionMask = 2147483647;
			files = (
				8D2DB0E11F4174AB007B7939 /* InstalmenHelpSwiftUITests.swift in Sources */,
			);
			runOnlyForDeploymentPostprocessing = 0;
		};
/* End PBXSourcesBuildPhase section */

/* Begin PBXTargetDependency section */
		8D2DB0D31F4174AB007B7939 /* PBXTargetDependency */ = {
			isa = PBXTargetDependency;
			target = 8D2DB0BC1F4174AB007B7939 /* InstalmenHelpSwift */;
			targetProxy = 8D2DB0D21F4174AB007B7939 /* PBXContainerItemProxy */;
		};
		8D2DB0DE1F4174AB007B7939 /* PBXTargetDependency */ = {
			isa = PBXTargetDependency;
			target = 8D2DB0BC1F4174AB007B7939 /* InstalmenHelpSwift */;
			targetProxy = 8D2DB0DD1F4174AB007B7939 /* PBXContainerItemProxy */;
		};
/* End PBXTargetDependency section */

/* Begin PBXVariantGroup section */
		8D2DB0C41F4174AB007B7939 /* Main.storyboard */ = {
			isa = PBXVariantGroup;
			children = (
				8D2DB0C51F4174AB007B7939 /* Base */,
			);
			name = Main.storyboard;
			path = ..;
			sourceTree = "<group>";
		};
		8D2DB0C91F4174AB007B7939 /* LaunchScreen.storyboard */ = {
			isa = PBXVariantGroup;
			children = (
				8D2DB0CA1F4174AB007B7939 /* Base */,
			);
			name = LaunchScreen.storyboard;
			path = ..;
			sourceTree = "<group>";
		};
/* End PBXVariantGroup section */

/* Begin XCBuildConfiguration section */
		8D2DB0E31F4174AB007B7939 /* Debug */ = {
			isa = XCBuildConfiguration;
			buildSettings = {
				ALWAYS_SEARCH_USER_PATHS = NO;
				CLANG_ANALYZER_NONNULL = YES;
				CLANG_ANALYZER_NUMBER_OBJECT_CONVERSION = YES_AGGRESSIVE;
				CLANG_CXX_LANGUAGE_STANDARD = "gnu++0x";
				CLANG_CXX_LIBRARY = "libc++";
				CLANG_ENABLE_MODULES = YES;
				CLANG_ENABLE_OBJC_ARC = YES;
				CLANG_WARN_BOOL_CONVERSION = YES;
				CLANG_WARN_CONSTANT_CONVERSION = YES;
				CLANG_WARN_DIRECT_OBJC_ISA_USAGE = YES_ERROR;
				CLANG_WARN_DOCUMENTATION_COMMENTS = YES;
				CLANG_WARN_EMPTY_BODY = YES;
				CLANG_WARN_ENUM_CONVERSION = YES;
				CLANG_WARN_INFINITE_RECURSION = YES;
				CLANG_WARN_INT_CONVERSION = YES;
				CLANG_WARN_OBJC_ROOT_CLASS = YES_ERROR;
				CLANG_WARN_SUSPICIOUS_MOVE = YES;
				CLANG_WARN_UNREACHABLE_CODE = YES;
				CLANG_WARN__DUPLICATE_METHOD_MATCH = YES;
				"CODE_SIGN_IDENTITY[sdk=iphoneos*]" = "iPhone Developer";
				COPY_PHASE_STRIP = NO;
				DEBUG_INFORMATION_FORMAT = dwarf;
				ENABLE_STRICT_OBJC_MSGSEND = YES;
				ENABLE_TESTABILITY = YES;
				GCC_C_LANGUAGE_STANDARD = gnu99;
				GCC_DYNAMIC_NO_PIC = NO;
				GCC_NO_COMMON_BLOCKS = YES;
				GCC_OPTIMIZATION_LEVEL = 0;
				GCC_PREPROCESSOR_DEFINITIONS = (
					"DEBUG=1",
					"$(inherited)",
				);
				GCC_WARN_64_TO_32_BIT_CONVERSION = YES;
				GCC_WARN_ABOUT_RETURN_TYPE = YES_ERROR;
				GCC_WARN_UNDECLARED_SELECTOR = YES;
				GCC_WARN_UNINITIALIZED_AUTOS = YES_AGGRESSIVE;
				GCC_WARN_UNUSED_FUNCTION = YES;
				GCC_WARN_UNUSED_VARIABLE = YES;
				IPHONEOS_DEPLOYMENT_TARGET = 10.3;
				MTL_ENABLE_DEBUG_INFO = YES;
				ONLY_ACTIVE_ARCH = YES;
				SDKROOT = iphoneos;
				SWIFT_ACTIVE_COMPILATION_CONDITIONS = DEBUG;
				SWIFT_OPTIMIZATION_LEVEL = "-Onone";
				TARGETED_DEVICE_FAMILY = "1,2";
			};
			name = Debug;
		};
		8D2DB0E41F4174AB007B7939 /* Release */ = {
			isa = XCBuildConfiguration;
			buildSettings = {
				ALWAYS_SEARCH_USER_PATHS = NO;
				CLANG_ANALYZER_NONNULL = YES;
				CLANG_ANALYZER_NUMBER_OBJECT_CONVERSION = YES_AGGRESSIVE;
				CLANG_CXX_LANGUAGE_STANDARD = "gnu++0x";
				CLANG_CXX_LIBRARY = "libc++";
				CLANG_ENABLE_MODULES = YES;
				CLANG_ENABLE_OBJC_ARC = YES;
				CLANG_WARN_BOOL_CONVERSION = YES;
				CLANG_WARN_CONSTANT_CONVERSION = YES;
				CLANG_WARN_DIRECT_OBJC_ISA_USAGE = YES_ERROR;
				CLANG_WARN_DOCUMENTATION_COMMENTS = YES;
				CLANG_WARN_EMPTY_BODY = YES;
				CLANG_WARN_ENUM_CONVERSION = YES;
				CLANG_WARN_INFINITE_RECURSION = YES;
				CLANG_WARN_INT_CONVERSION = YES;
				CLANG_WARN_OBJC_ROOT_CLASS = YES_ERROR;
				CLANG_WARN_SUSPICIOUS_MOVE = YES;
				CLANG_WARN_UNREACHABLE_CODE = YES;
				CLANG_WARN__DUPLICATE_METHOD_MATCH = YES;
				"CODE_SIGN_IDENTITY[sdk=iphoneos*]" = "iPhone Developer";
				COPY_PHASE_STRIP = NO;
				DEBUG_INFORMATION_FORMAT = "dwarf-with-dsym";
				ENABLE_NS_ASSERTIONS = NO;
				ENABLE_STRICT_OBJC_MSGSEND = YES;
				GCC_C_LANGUAGE_STANDARD = gnu99;
				GCC_NO_COMMON_BLOCKS = YES;
				GCC_WARN_64_TO_32_BIT_CONVERSION = YES;
				GCC_WARN_ABOUT_RETURN_TYPE = YES_ERROR;
				GCC_WARN_UNDECLARED_SELECTOR = YES;
				GCC_WARN_UNINITIALIZED_AUTOS = YES_AGGRESSIVE;
				GCC_WARN_UNUSED_FUNCTION = YES;
				GCC_WARN_UNUSED_VARIABLE = YES;
				IPHONEOS_DEPLOYMENT_TARGET = 10.3;
				MTL_ENABLE_DEBUG_INFO = NO;
				SDKROOT = iphoneos;
				SWIFT_OPTIMIZATION_LEVEL = "-Owholemodule";
				TARGETED_DEVICE_FAMILY = "1,2";
				VALIDATE_PRODUCT = YES;
			};
			name = Release;
		};
		8D2DB0E61F4174AB007B7939 /* Debug */ = {
			isa = XCBuildConfiguration;
			baseConfigurationReference = F6ECC0224B62A98A562F14D9 /* Pods-InstalmenHelpSwift.debug.xcconfig */;
			buildSettings = {
				ASSETCATALOG_COMPILER_APPICON_NAME = AppIcon;
				DEVELOPMENT_TEAM = EQCKJRGNQ5;
				INFOPLIST_FILE = InstalmenHelpSwift/Info.plist;
				IPHONEOS_DEPLOYMENT_TARGET = 9.0;
				LD_RUNPATH_SEARCH_PATHS = "$(inherited) @executable_path/Frameworks";
				PRODUCT_BUNDLE_IDENTIFIER = zfd.InstalmenHelpSwift;
				PRODUCT_NAME = "$(TARGET_NAME)";
				SWIFT_VERSION = 3.0;
			};
			name = Debug;
		};
		8D2DB0E71F4174AB007B7939 /* Release */ = {
			isa = XCBuildConfiguration;
			baseConfigurationReference = 9766CD302283513CB87FB0D6 /* Pods-InstalmenHelpSwift.release.xcconfig */;
			buildSettings = {
				ASSETCATALOG_COMPILER_APPICON_NAME = AppIcon;
				DEVELOPMENT_TEAM = EQCKJRGNQ5;
				INFOPLIST_FILE = InstalmenHelpSwift/Info.plist;
				IPHONEOS_DEPLOYMENT_TARGET = 9.0;
				LD_RUNPATH_SEARCH_PATHS = "$(inherited) @executable_path/Frameworks";
				PRODUCT_BUNDLE_IDENTIFIER = zfd.InstalmenHelpSwift;
				PRODUCT_NAME = "$(TARGET_NAME)";
				SWIFT_VERSION = 3.0;
			};
			name = Release;
		};
		8D2DB0E91F4174AB007B7939 /* Debug */ = {
			isa = XCBuildConfiguration;
			buildSettings = {
				ALWAYS_EMBED_SWIFT_STANDARD_LIBRARIES = YES;
				BUNDLE_LOADER = "$(TEST_HOST)";
				INFOPLIST_FILE = InstalmenHelpSwiftTests/Info.plist;
				LD_RUNPATH_SEARCH_PATHS = "$(inherited) @executable_path/Frameworks @loader_path/Frameworks";
				PRODUCT_BUNDLE_IDENTIFIER = zfd.InstalmenHelpSwiftTests;
				PRODUCT_NAME = "$(TARGET_NAME)";
				SWIFT_VERSION = 3.0;
				TEST_HOST = "$(BUILT_PRODUCTS_DIR)/InstalmenHelpSwift.app/InstalmenHelpSwift";
			};
			name = Debug;
		};
		8D2DB0EA1F4174AB007B7939 /* Release */ = {
			isa = XCBuildConfiguration;
			buildSettings = {
				ALWAYS_EMBED_SWIFT_STANDARD_LIBRARIES = YES;
				BUNDLE_LOADER = "$(TEST_HOST)";
				INFOPLIST_FILE = InstalmenHelpSwiftTests/Info.plist;
				LD_RUNPATH_SEARCH_PATHS = "$(inherited) @executable_path/Frameworks @loader_path/Frameworks";
				PRODUCT_BUNDLE_IDENTIFIER = zfd.InstalmenHelpSwiftTests;
				PRODUCT_NAME = "$(TARGET_NAME)";
				SWIFT_VERSION = 3.0;
				TEST_HOST = "$(BUILT_PRODUCTS_DIR)/InstalmenHelpSwift.app/InstalmenHelpSwift";
			};
			name = Release;
		};
		8D2DB0EC1F4174AB007B7939 /* Debug */ = {
			isa = XCBuildConfiguration;
			buildSettings = {
				ALWAYS_EMBED_SWIFT_STANDARD_LIBRARIES = YES;
				INFOPLIST_FILE = InstalmenHelpSwiftUITests/Info.plist;
				LD_RUNPATH_SEARCH_PATHS = "$(inherited) @executable_path/Frameworks @loader_path/Frameworks";
				PRODUCT_BUNDLE_IDENTIFIER = zfd.InstalmenHelpSwiftUITests;
				PRODUCT_NAME = "$(TARGET_NAME)";
				SWIFT_VERSION = 3.0;
				TEST_TARGET_NAME = InstalmenHelpSwift;
			};
			name = Debug;
		};
		8D2DB0ED1F4174AB007B7939 /* Release */ = {
			isa = XCBuildConfiguration;
			buildSettings = {
				ALWAYS_EMBED_SWIFT_STANDARD_LIBRARIES = YES;
				INFOPLIST_FILE = InstalmenHelpSwiftUITests/Info.plist;
				LD_RUNPATH_SEARCH_PATHS = "$(inherited) @executable_path/Frameworks @loader_path/Frameworks";
				PRODUCT_BUNDLE_IDENTIFIER = zfd.InstalmenHelpSwiftUITests;
				PRODUCT_NAME = "$(TARGET_NAME)";
				SWIFT_VERSION = 3.0;
				TEST_TARGET_NAME = InstalmenHelpSwift;
			};
			name = Release;
		};
/* End XCBuildConfiguration section */

/* Begin XCConfigurationList section */
		8D2DB0B81F4174AB007B7939 /* Build configuration list for PBXProject "InstalmenHelpSwift" */ = {
			isa = XCConfigurationList;
			buildConfigurations = (
				8D2DB0E31F4174AB007B7939 /* Debug */,
				8D2DB0E41F4174AB007B7939 /* Release */,
			);
			defaultConfigurationIsVisible = 0;
			defaultConfigurationName = Release;
		};
		8D2DB0E51F4174AB007B7939 /* Build configuration list for PBXNativeTarget "InstalmenHelpSwift" */ = {
			isa = XCConfigurationList;
			buildConfigurations = (
				8D2DB0E61F4174AB007B7939 /* Debug */,
				8D2DB0E71F4174AB007B7939 /* Release */,
			);
			defaultConfigurationIsVisible = 0;
			defaultConfigurationName = Release;
		};
		8D2DB0E81F4174AB007B7939 /* Build configuration list for PBXNativeTarget "InstalmenHelpSwiftTests" */ = {
			isa = XCConfigurationList;
			buildConfigurations = (
				8D2DB0E91F4174AB007B7939 /* Debug */,
				8D2DB0EA1F4174AB007B7939 /* Release */,
			);
			defaultConfigurationIsVisible = 0;
			defaultConfigurationName = Release;
		};
		8D2DB0EB1F4174AB007B7939 /* Build configuration list for PBXNativeTarget "InstalmenHelpSwiftUITests" */ = {
			isa = XCConfigurationList;
			buildConfigurations = (
				8D2DB0EC1F4174AB007B7939 /* Debug */,
				8D2DB0ED1F4174AB007B7939 /* Release */,
			);
			defaultConfigurationIsVisible = 0;
			defaultConfigurationName = Release;
		};
/* End XCConfigurationList section */
	};
	rootObject = 8D2DB0B51F4174AB007B7939 /* Project object */;
}
